
Microsoft Visual Studio Solution File, Format Version 12.00
# Visual Studio Version 17
VisualStudioVersion = 17.6.33723.286
MinimumVisualStudioVersion = 10.0.40219.1
Project("{9A19103F-16F7-4668-BE54-9A1E7A4F7556}") = "CourseAppWebApi", "CourseAppWebApi\CourseAppWebApi.csproj", "{11AEE61E-0888-42FC-B05A-E3B485601804}"
EndProject
Project("{FAE04EC0-301F-11D3-BF4B-00C04F79EFBC}") = "CourseAppMvcFrontEnd", "CourseAppMvcFrontEnd\CourseAppMvcFrontEnd.csproj", "{CEBF803A-7DBA-427F-8A39-54AC8CF50526}"
EndProject
Global
	GlobalSection(SolutionConfigurationPlatforms) = preSolution
		Debug|Any CPU = Debug|Any CPU
		Release|Any CPU = Release|Any CPU
	EndGlobalSection
	GlobalSection(ProjectConfigurationPlatforms) = postSolution
		{11AEE61E-0888-42FC-B05A-E3B485601804}.Debug|Any CPU.ActiveCfg = Debug|Any CPU
		{11AEE61E-0888-42FC-B05A-E3B485601804}.Debug|Any CPU.Build.0 = Debug|Any CPU
		{11AEE61E-0888-42FC-B05A-E3B485601804}.Release|Any CPU.ActiveCfg = Release|Any CPU
		{11AEE61E-0888-42FC-B05A-E3B485601804}.Release|Any CPU.Build.0 = Release|Any CPU
		{CEBF803A-7DBA-427F-8A39-54AC8CF50526}.Debug|Any CPU.ActiveCfg = Debug|Any CPU
		{CEBF803A-7DBA-427F-8A39-54AC8CF50526}.Debug|Any CPU.Build.0 = Debug|Any CPU
		{CEBF803A-7DBA-427F-8A39-54AC8CF50526}.Release|Any CPU.ActiveCfg = Release|Any CPU
		{CEBF803A-7DBA-427F-8A39-54AC8CF50526}.Release|Any CPU.Build.0 = Release|Any CPU
	EndGlobalSection
	GlobalSection(SolutionProperties) = preSolution
		HideSolutionNode = FALSE
	EndGlobalSection
	GlobalSection(ExtensibilityGlobals) = postSolution
		SolutionGuid = {757EA926-3218-434B-B860-1B6ED003D14C}
	EndGlobalSection
EndGlobal
